
Microsoft Visual Studio Solution File, Format Version 12.00
# Visual Studio 2012
Project("{8BC9CEB8-8B4A-11D0-8D11-00A0C91BC942}") = "DNDgame", "DNDgame\DNDgame.vcxproj", "{4282294E-B9C0-4E71-97C3-9807978C5317}"
EndProject
Global
	GlobalSection(SolutionConfigurationPlatforms) = preSolution
		Debug|Win32 = Debug|Win32
		Release|Win32 = Release|Win32
	EndGlobalSection
	GlobalSection(ProjectConfigurationPlatforms) = postSolution
		{4282294E-B9C0-4E71-97C3-9807978C5317}.Debug|Win32.ActiveCfg = Debug|Win32
		{4282294E-B9C0-4E71-97C3-9807978C5317}.Debug|Win32.Build.0 = Debug|Win32
		{4282294E-B9C0-4E71-97C3-9807978C5317}.Release|Win32.ActiveCfg = Release|Win32
		{4282294E-B9C0-4E71-97C3-9807978C5317}.Release|Win32.Build.0 = Release|Win32
	EndGlobalSection
	GlobalSection(SolutionProperties) = preSolution
		HideSolutionNode = FALSE
	EndGlobalSection
EndGlobal
